
Microsoft Visual Studio Solution File, Format Version 12.00
# Visual Studio 15
VisualStudioVersion = 15.0.27703.2000
MinimumVisualStudioVersion = 10.0.40219.1
Project("{FAE04EC0-301F-11D3-BF4B-00C04F79EFBC}") = "Waggle.Biz", "Waggle\Waggle.Biz.csproj", "{95D3206E-4084-4143-A4FA-4CDC81D91A8B}"
EndProject
Project("{FAE04EC0-301F-11D3-BF4B-00C04F79EFBC}") = "Waggle.BizTests", "UnitTests\Waggle.BizTests.csproj", "{ECD3314F-F9B5-46FF-B21B-0B9E8FD5AE95}"
EndProject
Project("{2150E333-8FDC-42A3-9474-1A3956D46DE8}") = "Tests", "Tests", "{6B3B445A-A681-49EA-A1D7-0D5E654A138D}"
EndProject
Project("{FAE04EC0-301F-11D3-BF4B-00C04F79EFBC}") = "Waggle.Cmn", "Waggle.cmn\Waggle.Cmn.csproj", "{414FCAFD-605F-40C4-9377-EC99BBDFA99F}"
EndProject
Project("{FAE04EC0-301F-11D3-BF4B-00C04F79EFBC}") = "Waggle.CmnTests", "Waggle.CmnTests\Waggle.CmnTests.csproj", "{DAFD1EE3-95F5-4E12-8A80-2F86232C7310}"
EndProject
Global
	GlobalSection(SolutionConfigurationPlatforms) = preSolution
		Debug|Any CPU = Debug|Any CPU
		Release|Any CPU = Release|Any CPU
	EndGlobalSection
	GlobalSection(ProjectConfigurationPlatforms) = postSolution
		{95D3206E-4084-4143-A4FA-4CDC81D91A8B}.Debug|Any CPU.ActiveCfg = Debug|Any CPU
		{95D3206E-4084-4143-A4FA-4CDC81D91A8B}.Debug|Any CPU.Build.0 = Debug|Any CPU
		{95D3206E-4084-4143-A4FA-4CDC81D91A8B}.Release|Any CPU.ActiveCfg = Release|Any CPU
		{95D3206E-4084-4143-A4FA-4CDC81D91A8B}.Release|Any CPU.Build.0 = Release|Any CPU
		{ECD3314F-F9B5-46FF-B21B-0B9E8FD5AE95}.Debug|Any CPU.ActiveCfg = Debug|Any CPU
		{ECD3314F-F9B5-46FF-B21B-0B9E8FD5AE95}.Debug|Any CPU.Build.0 = Debug|Any CPU
		{ECD3314F-F9B5-46FF-B21B-0B9E8FD5AE95}.Release|Any CPU.ActiveCfg = Release|Any CPU
		{ECD3314F-F9B5-46FF-B21B-0B9E8FD5AE95}.Release|Any CPU.Build.0 = Release|Any CPU
		{414FCAFD-605F-40C4-9377-EC99BBDFA99F}.Debug|Any CPU.ActiveCfg = Debug|Any CPU
		{414FCAFD-605F-40C4-9377-EC99BBDFA99F}.Debug|Any CPU.Build.0 = Debug|Any CPU
		{414FCAFD-605F-40C4-9377-EC99BBDFA99F}.Release|Any CPU.ActiveCfg = Release|Any CPU
		{414FCAFD-605F-40C4-9377-EC99BBDFA99F}.Release|Any CPU.Build.0 = Release|Any CPU
		{DAFD1EE3-95F5-4E12-8A80-2F86232C7310}.Debug|Any CPU.ActiveCfg = Debug|Any CPU
		{DAFD1EE3-95F5-4E12-8A80-2F86232C7310}.Debug|Any CPU.Build.0 = Debug|Any CPU
		{DAFD1EE3-95F5-4E12-8A80-2F86232C7310}.Release|Any CPU.ActiveCfg = Release|Any CPU
		{DAFD1EE3-95F5-4E12-8A80-2F86232C7310}.Release|Any CPU.Build.0 = Release|Any CPU
	EndGlobalSection
	GlobalSection(SolutionProperties) = preSolution
		HideSolutionNode = FALSE
	EndGlobalSection
	GlobalSection(NestedProjects) = preSolution
		{ECD3314F-F9B5-46FF-B21B-0B9E8FD5AE95} = {6B3B445A-A681-49EA-A1D7-0D5E654A138D}
		{DAFD1EE3-95F5-4E12-8A80-2F86232C7310} = {6B3B445A-A681-49EA-A1D7-0D5E654A138D}
	EndGlobalSection
	GlobalSection(ExtensibilityGlobals) = postSolution
		SolutionGuid = {113313F0-D96E-4B44-B43A-4CA31F98D425}
	EndGlobalSection
EndGlobal
